// !$*UTF8*$!
{
	archiveVersion = 1;
	classes = {
	};
	objectVersion = 56;
	objects = {

/* Begin PBXBuildFile section */
		F7B81D552C6C92940085EDC7 /* HWCognitoApp.swift in Sources */ = {isa = PBXBuildFile; fileRef = F7B81D542C6C92940085EDC7 /* HWCognitoApp.swift */; };
		F7B81D572C6C92940085EDC7 /* ContentView.swift in Sources */ = {isa = PBXBuildFile; fileRef = F7B81D562C6C92940085EDC7 /* ContentView.swift */; };
		F7B81D592C6C92950085EDC7 /* Assets.xcassets in Resources */ = {isa = PBXBuildFile; fileRef = F7B81D582C6C92950085EDC7 /* Assets.xcassets */; };
		F7B81D5C2C6C92950085EDC7 /* Preview Assets.xcassets in Resources */ = {isa = PBXBuildFile; fileRef = F7B81D5B2C6C92950085EDC7 /* Preview Assets.xcassets */; };
		F7B81D642C6C92EF0085EDC7 /* AWSAPIPlugin in Frameworks */ = {isa = PBXBuildFile; productRef = F7B81D632C6C92EF0085EDC7 /* AWSAPIPlugin */; };
		F7B81D662C6C92EF0085EDC7 /* AWSDataStorePlugin in Frameworks */ = {isa = PBXBuildFile; productRef = F7B81D652C6C92EF0085EDC7 /* AWSDataStorePlugin */; };
		F7B81D682C6C92EF0085EDC7 /* Amplify in Frameworks */ = {isa = PBXBuildFile; productRef = F7B81D672C6C92EF0085EDC7 /* Amplify */; };
		F7B81D6A2C6C96700085EDC7 /* AWSCognitoAuthPlugin in Frameworks */ = {isa = PBXBuildFile; productRef = F7B81D692C6C96700085EDC7 /* AWSCognitoAuthPlugin */; };
/* End PBXBuildFile section */

/* Begin PBXFileReference section */
		F7B81D512C6C92940085EDC7 /* HWCognito.app */ = {isa = PBXFileReference; explicitFileType = wrapper.application; includeInIndex = 0; path = HWCognito.app; sourceTree = BUILT_PRODUCTS_DIR; };
		F7B81D542C6C92940085EDC7 /* HWCognitoApp.swift */ = {isa = PBXFileReference; lastKnownFileType = sourcecode.swift; path = HWCognitoApp.swift; sourceTree = "<group>"; };
		F7B81D562C6C92940085EDC7 /* ContentView.swift */ = {isa = PBXFileReference; lastKnownFileType = sourcecode.swift; path = ContentView.swift; sourceTree = "<group>"; };
		F7B81D582C6C92950085EDC7 /* Assets.xcassets */ = {isa = PBXFileReference; lastKnownFileType = folder.assetcatalog; path = Assets.xcassets; sourceTree = "<group>"; };
		F7B81D5B2C6C92950085EDC7 /* Preview Assets.xcassets */ = {isa = PBXFileReference; lastKnownFileType = folder.assetcatalog; path = "Preview Assets.xcassets"; sourceTree = "<group>"; };
/* End PBXFileReference section */

/* Begin PBXFrameworksBuildPhase section */
		F7B81D4E2C6C92940085EDC7 /* Frameworks */ = {
			isa = PBXFrameworksBuildPhase;
			buildActionMask = 2147483647;
			files = (
				F7B81D682C6C92EF0085EDC7 /* Amplify in Frameworks */,
				F7B81D642C6C92EF0085EDC7 /* AWSAPIPlugin in Frameworks */,
				F7B81D662C6C92EF0085EDC7 /* AWSDataStorePlugin in Frameworks */,
				F7B81D6A2C6C96700085EDC7 /* AWSCognitoAuthPlugin in Frameworks */,
			);
			runOnlyForDeploymentPostprocessing = 0;
		};
/* End PBXFrameworksBuildPhase section */

/* Begin PBXGroup section */
		F7B81D482C6C92940085EDC7 = {
			isa = PBXGroup;
			children = (
				F7B81D532C6C92940085EDC7 /* HWCognito */,
				F7B81D522C6C92940085EDC7 /* Products */,
			);
			sourceTree = "<group>";
		};
		F7B81D522C6C92940085EDC7 /* Products */ = {
			isa = PBXGroup;
			children = (
				F7B81D512C6C92940085EDC7 /* HWCognito.app */,
			);
			name = Products;
			sourceTree = "<group>";
		};
		F7B81D532C6C92940085EDC7 /* HWCognito */ = {
			isa = PBXGroup;
			children = (
				F7B81D542C6C92940085EDC7 /* HWCognitoApp.swift */,
				F7B81D562C6C92940085EDC7 /* ContentView.swift */,
				F7B81D582C6C92950085EDC7 /* Assets.xcassets */,
				F7B81D5A2C6C92950085EDC7 /* Preview Content */,
			);
			path = HWCognito;
			sourceTree = "<group>";
		};
		F7B81D5A2C6C92950085EDC7 /* Preview Content */ = {
			isa = PBXGroup;
			children = (
				F7B81D5B2C6C92950085EDC7 /* Preview Assets.xcassets */,
			);
			path = "Preview Content";
			sourceTree = "<group>";
		};
/* End PBXGroup section */

/* Begin PBXNativeTarget section */
		F7B81D502C6C92940085EDC7 /* HWCognito */ = {
			isa = PBXNativeTarget;
			buildConfigurationList = F7B81D5F2C6C92950085EDC7 /* Build configuration list for PBXNativeTarget "HWCognito" */;
			buildPhases = (
				F7B81D4D2C6C92940085EDC7 /* Sources */,
				F7B81D4E2C6C92940085EDC7 /* Frameworks */,
				F7B81D4F2C6C92940085EDC7 /* Resources */,
			);
			buildRules = (
			);
			dependencies = (
			);
			name = HWCognito;
			packageProductDependencies = (
				F7B81D632C6C92EF0085EDC7 /* AWSAPIPlugin */,
				F7B81D652C6C92EF0085EDC7 /* AWSDataStorePlugin */,
				F7B81D672C6C92EF0085EDC7 /* Amplify */,
				F7B81D692C6C96700085EDC7 /* AWSCognitoAuthPlugin */,
			);
			productName = HWCognito;
			productReference = F7B81D512C6C92940085EDC7 /* HWCognito.app */;
			productType = "com.apple.product-type.application";
		};
/* End PBXNativeTarget section */

/* Begin PBXProject section */
		F7B81D492C6C92940085EDC7 /* Project object */ = {
			isa = PBXProject;
			attributes = {
				BuildIndependentTargetsInParallel = 1;
				LastSwiftUpdateCheck = 1540;
				LastUpgradeCheck = 1540;
				TargetAttributes = {
					F7B81D502C6C92940085EDC7 = {
						CreatedOnToolsVersion = 15.4;
					};
				};
			};
			buildConfigurationList = F7B81D4C2C6C92940085EDC7 /* Build configuration list for PBXProject "HWCognito" */;
			compatibilityVersion = "Xcode 14.0";
			developmentRegion = en;
			hasScannedForEncodings = 0;
			knownRegions = (
				en,
				Base,
			);
			mainGroup = F7B81D482C6C92940085EDC7;
			packageReferences = (
				F7B81D622C6C92EF0085EDC7 /* XCRemoteSwiftPackageReference "amplify-swift" */,
			);
			productRefGroup = F7B81D522C6C92940085EDC7 /* Products */;
			projectDirPath = "";
			projectRoot = "";
			targets = (
				F7B81D502C6C92940085EDC7 /* HWCognito */,
			);
		};
/* End PBXProject section */

/* Begin PBXResourcesBuildPhase section */
		F7B81D4F2C6C92940085EDC7 /* Resources */ = {
			isa = PBXResourcesBuildPhase;
			buildActionMask = 2147483647;
			files = (
				F7B81D5C2C6C92950085EDC7 /* Preview Assets.xcassets in Resources */,
				F7B81D592C6C92950085EDC7 /* Assets.xcassets in Resources */,
			);
			runOnlyForDeploymentPostprocessing = 0;
		};
/* End PBXResourcesBuildPhase section */

/* Begin PBXSourcesBuildPhase section */
		F7B81D4D2C6C92940085EDC7 /* Sources */ = {
			isa = PBXSourcesBuildPhase;
			buildActionMask = 2147483647;
			files = (
				F7B81D572C6C92940085EDC7 /* ContentView.swift in Sources */,
				F7B81D552C6C92940085EDC7 /* HWCognitoApp.swift in Sources */,
			);
			runOnlyForDeploymentPostprocessing = 0;
		};
/* End PBXSourcesBuildPhase section */

/* Begin XCBuildConfiguration section */
		F7B81D5D2C6C92950085EDC7 /* Debug */ = {
			isa = XCBuildConfiguration;
			buildSettings = {
				ALWAYS_SEARCH_USER_PATHS = NO;
				ASSETCATALOG_COMPILER_GENERATE_SWIFT_ASSET_SYMBOL_EXTENSIONS = YES;
				CLANG_ANALYZER_NONNULL = YES;
				CLANG_ANALYZER_NUMBER_OBJECT_CONVERSION = YES_AGGRESSIVE;
				CLANG_CXX_LANGUAGE_STANDARD = "gnu++20";
				CLANG_ENABLE_MODULES = YES;
				CLANG_ENABLE_OBJC_ARC = YES;
				CLANG_ENABLE_OBJC_WEAK = YES;
				CLANG_WARN_BLOCK_CAPTURE_AUTORELEASING = YES;
				CLANG_WARN_BOOL_CONVERSION = YES;
				CLANG_WARN_COMMA = YES;
				CLANG_WARN_CONSTANT_CONVERSION = YES;
				CLANG_WARN_DEPRECATED_OBJC_IMPLEMENTATIONS = YES;
				CLANG_WARN_DIRECT_OBJC_ISA_USAGE = YES_ERROR;
				CLANG_WARN_DOCUMENTATION_COMMENTS = YES;
				CLANG_WARN_EMPTY_BODY = YES;
				CLANG_WARN_ENUM_CONVERSION = YES;
				CLANG_WARN_INFINITE_RECURSION = YES;
				CLANG_WARN_INT_CONVERSION = YES;
				CLANG_WARN_NON_LITERAL_NULL_CONVERSION = YES;
				CLANG_WARN_OBJC_IMPLICIT_RETAIN_SELF = YES;
				CLANG_WARN_OBJC_LITERAL_CONVERSION = YES;
				CLANG_WARN_OBJC_ROOT_CLASS = YES_ERROR;
				CLANG_WARN_QUOTED_INCLUDE_IN_FRAMEWORK_HEADER = YES;
				CLANG_WARN_RANGE_LOOP_ANALYSIS = YES;
				CLANG_WARN_STRICT_PROTOTYPES = YES;
				CLANG_WARN_SUSPICIOUS_MOVE = YES;
				CLANG_WARN_UNGUARDED_AVAILABILITY = YES_AGGRESSIVE;
				CLANG_WARN_UNREACHABLE_CODE = YES;
				CLANG_WARN__DUPLICATE_METHOD_MATCH = YES;
				COPY_PHASE_STRIP = NO;
				DEBUG_INFORMATION_FORMAT = dwarf;
				ENABLE_STRICT_OBJC_MSGSEND = YES;
				ENABLE_TESTABILITY = YES;
				ENABLE_USER_SCRIPT_SANDBOXING = YES;
				GCC_C_LANGUAGE_STANDARD = gnu17;
				GCC_DYNAMIC_NO_PIC = NO;
				GCC_NO_COMMON_BLOCKS = YES;
				GCC_OPTIMIZATION_LEVEL = 0;
				GCC_PREPROCESSOR_DEFINITIONS = (
					"DEBUG=1",
					"$(inherited)",
				);
				GCC_WARN_64_TO_32_BIT_CONVERSION = YES;
				GCC_WARN_ABOUT_RETURN_TYPE = YES_ERROR;
				GCC_WARN_UNDECLARED_SELECTOR = YES;
				GCC_WARN_UNINITIALIZED_AUTOS = YES_AGGRESSIVE;
				GCC_WARN_UNUSED_FUNCTION = YES;
				GCC_WARN_UNUSED_VARIABLE = YES;
				IPHONEOS_DEPLOYMENT_TARGET = 17.5;
				LOCALIZATION_PREFERS_STRING_CATALOGS = YES;
				MTL_ENABLE_DEBUG_INFO = INCLUDE_SOURCE;
				MTL_FAST_MATH = YES;
				ONLY_ACTIVE_ARCH = YES;
				SDKROOT = iphoneos;
				SWIFT_ACTIVE_COMPILATION_CONDITIONS = "DEBUG $(inherited)";
				SWIFT_OPTIMIZATION_LEVEL = "-Onone";
			};
			name = Debug;
		};
		F7B81D5E2C6C92950085EDC7 /* Release */ = {
			isa = XCBuildConfiguration;
			buildSettings = {
				ALWAYS_SEARCH_USER_PATHS = NO;
				ASSETCATALOG_COMPILER_GENERATE_SWIFT_ASSET_SYMBOL_EXTENSIONS = YES;
				CLANG_ANALYZER_NONNULL = YES;
				CLANG_ANALYZER_NUMBER_OBJECT_CONVERSION = YES_AGGRESSIVE;
				CLANG_CXX_LANGUAGE_STANDARD = "gnu++20";
				CLANG_ENABLE_MODULES = YES;
				CLANG_ENABLE_OBJC_ARC = YES;
				CLANG_ENABLE_OBJC_WEAK = YES;
				CLANG_WARN_BLOCK_CAPTURE_AUTORELEASING = YES;
				CLANG_WARN_BOOL_CONVERSION = YES;
				CLANG_WARN_COMMA = YES;
				CLANG_WARN_CONSTANT_CONVERSION = YES;
				CLANG_WARN_DEPRECATED_OBJC_IMPLEMENTATIONS = YES;
				CLANG_WARN_DIRECT_OBJC_ISA_USAGE = YES_ERROR;
				CLANG_WARN_DOCUMENTATION_COMMENTS = YES;
				CLANG_WARN_EMPTY_BODY = YES;
				CLANG_WARN_ENUM_CONVERSION = YES;
				CLANG_WARN_INFINITE_RECURSION = YES;
				CLANG_WARN_INT_CONVERSION = YES;
				CLANG_WARN_NON_LITERAL_NULL_CONVERSION = YES;
				CLANG_WARN_OBJC_IMPLICIT_RETAIN_SELF = YES;
				CLANG_WARN_OBJC_LITERAL_CONVERSION = YES;
				CLANG_WARN_OBJC_ROOT_CLASS = YES_ERROR;
				CLANG_WARN_QUOTED_INCLUDE_IN_FRAMEWORK_HEADER = YES;
				CLANG_WARN_RANGE_LOOP_ANALYSIS = YES;
				CLANG_WARN_STRICT_PROTOTYPES = YES;
				CLANG_WARN_SUSPICIOUS_MOVE = YES;
				CLANG_WARN_UNGUARDED_AVAILABILITY = YES_AGGRESSIVE;
				CLANG_WARN_UNREACHABLE_CODE = YES;
				CLANG_WARN__DUPLICATE_METHOD_MATCH = YES;
				COPY_PHASE_STRIP = NO;
				DEBUG_INFORMATION_FORMAT = "dwarf-with-dsym";
				ENABLE_NS_ASSERTIONS = NO;
				ENABLE_STRICT_OBJC_MSGSEND = YES;
				ENABLE_USER_SCRIPT_SANDBOXING = YES;
				GCC_C_LANGUAGE_STANDARD = gnu17;
				GCC_NO_COMMON_BLOCKS = YES;
				GCC_WARN_64_TO_32_BIT_CONVERSION = YES;
				GCC_WARN_ABOUT_RETURN_TYPE = YES_ERROR;
				GCC_WARN_UNDECLARED_SELECTOR = YES;
				GCC_WARN_UNINITIALIZED_AUTOS = YES_AGGRESSIVE;
				GCC_WARN_UNUSED_FUNCTION = YES;
				GCC_WARN_UNUSED_VARIABLE = YES;
				IPHONEOS_DEPLOYMENT_TARGET = 17.5;
				LOCALIZATION_PREFERS_STRING_CATALOGS = YES;
				MTL_ENABLE_DEBUG_INFO = NO;
				MTL_FAST_MATH = YES;
				SDKROOT = iphoneos;
				SWIFT_COMPILATION_MODE = wholemodule;
				VALIDATE_PRODUCT = YES;
			};
			name = Release;
		};
		F7B81D602C6C92950085EDC7 /* Debug */ = {
			isa = XCBuildConfiguration;
			buildSettings = {
				ASSETCATALOG_COMPILER_APPICON_NAME = AppIcon;
				ASSETCATALOG_COMPILER_GLOBAL_ACCENT_COLOR_NAME = AccentColor;
				CODE_SIGN_STYLE = Automatic;
				CURRENT_PROJECT_VERSION = 1;
				DEVELOPMENT_ASSET_PATHS = "\"HWCognito/Preview Content\"";
				DEVELOPMENT_TEAM = RB4UB82547;
				ENABLE_PREVIEWS = YES;
				GENERATE_INFOPLIST_FILE = YES;
				INFOPLIST_KEY_UIApplicationSceneManifest_Generation = YES;
				INFOPLIST_KEY_UIApplicationSupportsIndirectInputEvents = YES;
				INFOPLIST_KEY_UILaunchScreen_Generation = YES;
				INFOPLIST_KEY_UISupportedInterfaceOrientations_iPad = "UIInterfaceOrientationPortrait UIInterfaceOrientationPortraitUpsideDown UIInterfaceOrientationLandscapeLeft UIInterfaceOrientationLandscapeRight";
				INFOPLIST_KEY_UISupportedInterfaceOrientations_iPhone = "UIInterfaceOrientationPortrait UIInterfaceOrientationLandscapeLeft UIInterfaceOrientationLandscapeRight";
				LD_RUNPATH_SEARCH_PATHS = (
					"$(inherited)",
					"@executable_path/Frameworks",
				);
				MARKETING_VERSION = 1.0;
				PRODUCT_BUNDLE_IDENTIFIER = si.rr.HWCognito;
				PRODUCT_NAME = "$(TARGET_NAME)";
				SWIFT_EMIT_LOC_STRINGS = YES;
				SWIFT_VERSION = 5.0;
				TARGETED_DEVICE_FAMILY = "1,2";
			};
			name = Debug;
		};
		F7B81D612C6C92950085EDC7 /* Release */ = {
			isa = XCBuildConfiguration;
			buildSettings = {
				ASSETCATALOG_COMPILER_APPICON_NAME = AppIcon;
				ASSETCATALOG_COMPILER_GLOBAL_ACCENT_COLOR_NAME = AccentColor;
				CODE_SIGN_STYLE = Automatic;
				CURRENT_PROJECT_VERSION = 1;
				DEVELOPMENT_ASSET_PATHS = "\"HWCognito/Preview Content\"";
				DEVELOPMENT_TEAM = RB4UB82547;
				ENABLE_PREVIEWS = YES;
				GENERATE_INFOPLIST_FILE = YES;
				INFOPLIST_KEY_UIApplicationSceneManifest_Generation = YES;
				INFOPLIST_KEY_UIApplicationSupportsIndirectInputEvents = YES;
				INFOPLIST_KEY_UILaunchScreen_Generation = YES;
				INFOPLIST_KEY_UISupportedInterfaceOrientations_iPad = "UIInterfaceOrientationPortrait UIInterfaceOrientationPortraitUpsideDown UIInterfaceOrientationLandscapeLeft UIInterfaceOrientationLandscapeRight";
				INFOPLIST_KEY_UISupportedInterfaceOrientations_iPhone = "UIInterfaceOrientationPortrait UIInterfaceOrientationLandscapeLeft UIInterfaceOrientationLandscapeRight";
				LD_RUNPATH_SEARCH_PATHS = (
					"$(inherited)",
					"@executable_path/Frameworks",
				);
				MARKETING_VERSION = 1.0;
				PRODUCT_BUNDLE_IDENTIFIER = si.rr.HWCognito;
				PRODUCT_NAME = "$(TARGET_NAME)";
				SWIFT_EMIT_LOC_STRINGS = YES;
				SWIFT_VERSION = 5.0;
				TARGETED_DEVICE_FAMILY = "1,2";
			};
			name = Release;
		};
/* End XCBuildConfiguration section */

/* Begin XCConfigurationList section */
		F7B81D4C2C6C92940085EDC7 /* Build configuration list for PBXProject "HWCognito" */ = {
			isa = XCConfigurationList;
			buildConfigurations = (
				F7B81D5D2C6C92950085EDC7 /* Debug */,
				F7B81D5E2C6C92950085EDC7 /* Release */,
			);
			defaultConfigurationIsVisible = 0;
			defaultConfigurationName = Release;
		};
		F7B81D5F2C6C92950085EDC7 /* Build configuration list for PBXNativeTarget "HWCognito" */ = {
			isa = XCConfigurationList;
			buildConfigurations = (
				F7B81D602C6C92950085EDC7 /* Debug */,
				F7B81D612C6C92950085EDC7 /* Release */,
			);
			defaultConfigurationIsVisible = 0;
			defaultConfigurationName = Release;
		};
/* End XCConfigurationList section */

/* Begin XCRemoteSwiftPackageReference section */
		F7B81D622C6C92EF0085EDC7 /* XCRemoteSwiftPackageReference "amplify-swift" */ = {
			isa = XCRemoteSwiftPackageReference;
			repositoryURL = "https://github.com/aws-amplify/amplify-swift";
			requirement = {
				kind = upToNextMajorVersion;
				minimumVersion = 2.37.0;
			};
		};
/* End XCRemoteSwiftPackageReference section */

/* Begin XCSwiftPackageProductDependency section */
		F7B81D632C6C92EF0085EDC7 /* AWSAPIPlugin */ = {
			isa = XCSwiftPackageProductDependency;
			package = F7B81D622C6C92EF0085EDC7 /* XCRemoteSwiftPackageReference "amplify-swift" */;
			productName = AWSAPIPlugin;
		};
		F7B81D652C6C92EF0085EDC7 /* AWSDataStorePlugin */ = {
			isa = XCSwiftPackageProductDependency;
			package = F7B81D622C6C92EF0085EDC7 /* XCRemoteSwiftPackageReference "amplify-swift" */;
			productName = AWSDataStorePlugin;
		};
		F7B81D672C6C92EF0085EDC7 /* Amplify */ = {
			isa = XCSwiftPackageProductDependency;
			package = F7B81D622C6C92EF0085EDC7 /* XCRemoteSwiftPackageReference "amplify-swift" */;
			productName = Amplify;
		};
		F7B81D692C6C96700085EDC7 /* AWSCognitoAuthPlugin */ = {
			isa = XCSwiftPackageProductDependency;
			package = F7B81D622C6C92EF0085EDC7 /* XCRemoteSwiftPackageReference "amplify-swift" */;
			productName = AWSCognitoAuthPlugin;
		};
/* End XCSwiftPackageProductDependency section */
	};
	rootObject = F7B81D492C6C92940085EDC7 /* Project object */;
}
